
Microsoft Visual Studio Solution File, Format Version 12.00
# Visual Studio Version 17
VisualStudioVersion = 17.4.33103.184
MinimumVisualStudioVersion = 10.0.40219.1
Project("{FAE04EC0-301F-11D3-BF4B-00C04F79EFBC}") = "Span.Culturio.Api", "Span.Culturio.Api\Span.Culturio.Api.csproj", "{8DA3C60B-B663-412E-84B2-60F2D15E87F6}"
EndProject
Global
	GlobalSection(SolutionConfigurationPlatforms) = preSolution
		Debug|Any CPU = Debug|Any CPU
		Release|Any CPU = Release|Any CPU
	EndGlobalSection
	GlobalSection(ProjectConfigurationPlatforms) = postSolution
		{8DA3C60B-B663-412E-84B2-60F2D15E87F6}.Debug|Any CPU.ActiveCfg = Debug|Any CPU
		{8DA3C60B-B663-412E-84B2-60F2D15E87F6}.Debug|Any CPU.Build.0 = Debug|Any CPU
		{8DA3C60B-B663-412E-84B2-60F2D15E87F6}.Release|Any CPU.ActiveCfg = Release|Any CPU
		{8DA3C60B-B663-412E-84B2-60F2D15E87F6}.Release|Any CPU.Build.0 = Release|Any CPU
	EndGlobalSection
	GlobalSection(SolutionProperties) = preSolution
		HideSolutionNode = FALSE
	EndGlobalSection
	GlobalSection(ExtensibilityGlobals) = postSolution
		SolutionGuid = {D753206A-EEB7-421C-92F0-7851BB6FB17E}
	EndGlobalSection
EndGlobal
